
Microsoft Visual Studio Solution File, Format Version 12.00
# Visual Studio Version 16
VisualStudioVersion = 16.0.29324.140
MinimumVisualStudioVersion = 10.0.40219.1
Project("{9A19103F-16F7-4668-BE54-9A1E7A4F7556}") = "PokerHands", "PokerHands\PokerHands.csproj", "{FA843D17-A5FD-478C-B97A-1C900BEF70BB}"
EndProject
Project("{9A19103F-16F7-4668-BE54-9A1E7A4F7556}") = "PokerHandsAPI", "..\PokerHandsAPI\PokerHandsAPI\PokerHandsAPI.csproj", "{DEE7D800-3873-4FA5-B5D7-4447039C0FD1}"
EndProject
Global
	GlobalSection(SolutionConfigurationPlatforms) = preSolution
		Debug|Any CPU = Debug|Any CPU
		Release|Any CPU = Release|Any CPU
	EndGlobalSection
	GlobalSection(ProjectConfigurationPlatforms) = postSolution
		{FA843D17-A5FD-478C-B97A-1C900BEF70BB}.Debug|Any CPU.ActiveCfg = Debug|Any CPU
		{FA843D17-A5FD-478C-B97A-1C900BEF70BB}.Debug|Any CPU.Build.0 = Debug|Any CPU
		{FA843D17-A5FD-478C-B97A-1C900BEF70BB}.Release|Any CPU.ActiveCfg = Release|Any CPU
		{FA843D17-A5FD-478C-B97A-1C900BEF70BB}.Release|Any CPU.Build.0 = Release|Any CPU
		{DEE7D800-3873-4FA5-B5D7-4447039C0FD1}.Debug|Any CPU.ActiveCfg = Debug|Any CPU
		{DEE7D800-3873-4FA5-B5D7-4447039C0FD1}.Debug|Any CPU.Build.0 = Debug|Any CPU
		{DEE7D800-3873-4FA5-B5D7-4447039C0FD1}.Release|Any CPU.ActiveCfg = Release|Any CPU
		{DEE7D800-3873-4FA5-B5D7-4447039C0FD1}.Release|Any CPU.Build.0 = Release|Any CPU
	EndGlobalSection
	GlobalSection(SolutionProperties) = preSolution
		HideSolutionNode = FALSE
	EndGlobalSection
	GlobalSection(ExtensibilityGlobals) = postSolution
		SolutionGuid = {8A54F9EB-0A28-4136-9948-139AF4D461B4}
	EndGlobalSection
EndGlobal
